
Microsoft Visual Studio Solution File, Format Version 12.00
# Visual Studio Version 17
VisualStudioVersion = 17.3.32611.2
MinimumVisualStudioVersion = 10.0.40219.1
Project("{9A19103F-16F7-4668-BE54-9A1E7A4F7556}") = "azure-integration-services-demo", "azure-integration-services-demo.csproj", "{962D9429-AEC8-4278-9759-D05B78F7E4A1}"
EndProject
Global
	GlobalSection(SolutionConfigurationPlatforms) = preSolution
		Debug|Any CPU = Debug|Any CPU
		Release|Any CPU = Release|Any CPU
	EndGlobalSection
	GlobalSection(ProjectConfigurationPlatforms) = postSolution
		{962D9429-AEC8-4278-9759-D05B78F7E4A1}.Debug|Any CPU.ActiveCfg = Debug|Any CPU
		{962D9429-AEC8-4278-9759-D05B78F7E4A1}.Debug|Any CPU.Build.0 = Debug|Any CPU
		{962D9429-AEC8-4278-9759-D05B78F7E4A1}.Release|Any CPU.ActiveCfg = Release|Any CPU
		{962D9429-AEC8-4278-9759-D05B78F7E4A1}.Release|Any CPU.Build.0 = Release|Any CPU
	EndGlobalSection
	GlobalSection(SolutionProperties) = preSolution
		HideSolutionNode = FALSE
	EndGlobalSection
	GlobalSection(ExtensibilityGlobals) = postSolution
		SolutionGuid = {93E1FF32-F783-46C2-87A0-9DA901DEA179}
	EndGlobalSection
EndGlobal
